lockfileVersion: '9.0'

settings:
  autoInstallPeers: true
  excludeLinksFromLockfile: false

importers:

  .:
    dependencies:
      '@thisux/sveltednd':
        specifier: ^0.0.20
        version: 0.0.20(svelte@5.34.9)
      '@wailsio/runtime':
        specifier: 3.0.0-alpha.66
        version: 3.0.0-alpha.66
      superjson:
        specifier: ^2.2.2
        version: 2.2.2
      svelte:
        specifier: ^5.34.9
        version: 5.34.9
      svelte-5-french-toast:
        specifier: ^2.0.4
        version: 2.0.4(svelte@5.34.9)
      svelte-portal:
        specifier: ^2.2.1
        version: 2.2.1
    devDependencies:
      '@biomejs/biome':
        specifier: ^1.9.4
        version: 1.9.4
      '@rsbuild/core':
        specifier: ^1.4.2
        version: 1.4.2
      '@rsbuild/plugin-svelte':
        specifier: ^1.0.10
        version: 1.0.10(@rsbuild/core@1.4.2)(svelte@5.34.9)(typescript@5.8.3)
      typescript:
        specifier: ^5.8.3
        version: 5.8.3

packages:

  '@ampproject/remapping@2.3.0':
    resolution: {integrity: sha512-30iZtAPgz+LTIYoeivqYo853f02jBYSd5uGnGpkFV0M3xOt9aN73erkgYAmZU43x4VfqcnLxW9Kpg3R5LC4YYw==}
    engines: {node: '>=6.0.0'}

  '@biomejs/biome@1.9.4':
    resolution: {integrity: sha512-1rkd7G70+o9KkTn5KLmDYXihGoTaIGO9PIIN2ZB7UJxFrWw04CZHPYiMRjYsaDvVV7hP1dYNRLxSANLaBFGpog==}
    engines: {node: '>=14.21.3'}
    hasBin: true

  '@biomejs/cli-darwin-arm64@1.9.4':
    resolution: {integrity: sha512-bFBsPWrNvkdKrNCYeAp+xo2HecOGPAy9WyNyB/jKnnedgzl4W4Hb9ZMzYNbf8dMCGmUdSavlYHiR01QaYR58cw==}
    engines: {node: '>=14.21.3'}
    cpu: [arm64]
    os: [darwin]

  '@biomejs/cli-darwin-x64@1.9.4':
    resolution: {integrity: sha512-ngYBh/+bEedqkSevPVhLP4QfVPCpb+4BBe2p7Xs32dBgs7rh9nY2AIYUL6BgLw1JVXV8GlpKmb/hNiuIxfPfZg==}
    engines: {node: '>=14.21.3'}
    cpu: [x64]
    os: [darwin]

  '@biomejs/cli-linux-arm64-musl@1.9.4':
    resolution: {integrity: sha512-v665Ct9WCRjGa8+kTr0CzApU0+XXtRgwmzIf1SeKSGAv+2scAlW6JR5PMFo6FzqqZ64Po79cKODKf3/AAmECqA==}
    engines: {node: '>=14.21.3'}
    cpu: [arm64]
    os: [linux]

  '@biomejs/cli-linux-arm64@1.9.4':
    resolution: {integrity: sha512-fJIW0+LYujdjUgJJuwesP4EjIBl/N/TcOX3IvIHJQNsAqvV2CHIogsmA94BPG6jZATS4Hi+xv4SkBBQSt1N4/g==}
    engines: {node: '>=14.21.3'}
    cpu: [arm64]
    os: [linux]

  '@biomejs/cli-linux-x64-musl@1.9.4':
    resolution: {integrity: sha512-gEhi/jSBhZ2m6wjV530Yy8+fNqG8PAinM3oV7CyO+6c3CEh16Eizm21uHVsyVBEB6RIM8JHIl6AGYCv6Q6Q9Tg==}
    engines: {node: '>=14.21.3'}
    cpu: [x64]
    os: [linux]

  '@biomejs/cli-linux-x64@1.9.4':
    resolution: {integrity: sha512-lRCJv/Vi3Vlwmbd6K+oQ0KhLHMAysN8lXoCI7XeHlxaajk06u7G+UsFSO01NAs5iYuWKmVZjmiOzJ0OJmGsMwg==}
    engines: {node: '>=14.21.3'}
    cpu: [x64]
    os: [linux]

  '@biomejs/cli-win32-arm64@1.9.4':
    resolution: {integrity: sha512-tlbhLk+WXZmgwoIKwHIHEBZUwxml7bRJgk0X2sPyNR3S93cdRq6XulAZRQJ17FYGGzWne0fgrXBKpl7l4M87Hg==}
    engines: {node: '>=14.21.3'}
    cpu: [arm64]
    os: [win32]

  '@biomejs/cli-win32-x64@1.9.4':
    resolution: {integrity: sha512-8Y5wMhVIPaWe6jw2H+KlEm4wP/f7EW3810ZLmDlrEEy5KvBsb9ECEfu/kMWD484ijfQ8+nIi0giMgu9g1UAuuA==}
    engines: {node: '>=14.21.3'}
    cpu: [x64]
    os: [win32]

  '@emnapi/core@1.4.3':
    resolution: {integrity: sha512-4m62DuCE07lw01soJwPiBGC0nAww0Q+RY70VZ+n49yDIO13yyinhbWCeNnaob0lakDtWQzSdtNWzJeOJt2ma+g==}

  '@emnapi/runtime@1.4.3':
    resolution: {integrity: sha512-pBPWdu6MLKROBX05wSNKcNb++m5Er+KQ9QkB+WVM+pW2Kx9hoSrVTnu3BdkI5eBLZoKu/J6mW/B6i6bJB2ytXQ==}

  '@emnapi/wasi-threads@1.0.2':
    resolution: {integrity: sha512-5n3nTJblwRi8LlXkJ9eBzu+kZR8Yxcc7ubakyQTFzPMtIhFpUBRbsnc2Dv88IZDIbCDlBiWrknhB4Lsz7mg6BA==}

  '@jridgewell/gen-mapping@0.3.9':
    resolution: {integrity: sha512-xpz6C/vXOegF9VEtlMBlkNNIjHrLhKaFBsO4lmQGr00x5BHp7p+oliR6i7LwIcM5cZU2VjLSwm2R+/zj5IjPWg==}

  '@jridgewell/resolve-uri@3.1.2':
    resolution: {integrity: sha512-bRISgCIjP20/tbWSPWMEi54QVPRZExkuD9lJL+UIxUKtwVJA8wW1Trb1jMs1RFXo1CBTNZ/5hpC9QvmKWdopKw==}
    engines: {node: '>=6.0.0'}

  '@jridgewell/sourcemap-codec@1.5.0':
    resolution: {integrity: sha512-gv3ZRaISU3fjPAgNsriBRqGWQL6quFx04YMPW/zD8XMLsU32mhCCbfbO6KZFLjvYpCZ8zyDEgqsgf+PwPaM7GQ==}

  '@jridgewell/trace-mapping@0.3.25':
    resolution: {integrity: sha512-vNk6aEwybGtawWmy/PzwnGDOjCkLWSD2wqvjGGAgOAwCGWySYXfYoxt00IJkTF+8Lb57DwOb3Aa0o9CApepiYQ==}

  '@module-federation/error-codes@0.15.0':
    resolution: {integrity: sha512-CFJSF+XKwTcy0PFZ2l/fSUpR4z247+Uwzp1sXVkdIfJ/ATsnqf0Q01f51qqSEA6MYdQi6FKos9FIcu3dCpQNdg==}

  '@module-federation/runtime-core@0.15.0':
    resolution: {integrity: sha512-RYzI61fRDrhyhaEOXH3AgIGlHiot0wPFXu7F43cr+ZnTi+VlSYWLdlZ4NBuT9uV6JSmH54/c+tEZm5SXgKR2sQ==}

  '@module-federation/runtime-tools@0.15.0':
    resolution: {integrity: sha512-kzFn3ObUeBp5vaEtN1WMxhTYBuYEErxugu1RzFUERD21X3BZ+b4cWwdFJuBDlsmVjctIg/QSOoZoPXRKAO0foA==}

  '@module-federation/runtime@0.15.0':
    resolution: {integrity: sha512-dTPsCNum9Bhu3yPOcrPYq0YnM9eCMMMNB1wuiqf1+sFbQlNApF0vfZxooqz3ln0/MpgE0jerVvFsLVGfqvC9Ug==}

  '@module-federation/sdk@0.15.0':
    resolution: {integrity: sha512-PWiYbGcJrKUD6JZiEPihrXhV3bgXdll4bV7rU+opV7tHaun+Z0CdcawjZ82Xnpb8MCPGmqHwa1MPFeUs66zksw==}

  '@module-federation/webpack-bundler-runtime@0.15.0':
    resolution: {integrity: sha512-i+3wu2Ljh2TmuUpsnjwZVupOVqV50jP0ndA8PSP4gwMKlgdGeaZ4VH5KkHAXGr2eiYUxYLMrJXz1+eILJqeGDg==}

  '@napi-rs/wasm-runtime@0.2.11':
    resolution: {integrity: sha512-9DPkXtvHydrcOsopiYpUgPHpmj0HWZKMUnL2dZqpvC42lsratuBG06V5ipyno0fUek5VlFsNQ+AcFATSrJXgMA==}

  '@rsbuild/core@1.4.2':
    resolution: {integrity: sha512-46rcBPYz2kIdDQ1en40yDRT7ZGOKUB0+NqeOAvMAg4DU7TCfgK1qJdmznVasagTWKN9RjjzNpy5encS6W7gUOQ==}
    engines: {node: '>=16.10.0'}
    hasBin: true

  '@rsbuild/plugin-svelte@1.0.10':
    resolution: {integrity: sha512-505FK9A+AceRJZkczmeIjokxppZEzSl8i+hl0YtvvBm3+m3ZeELkJ0+rfuqxZmzRXY6POwiaNb1H3Bc8dS2fqA==}
    peerDependencies:
      '@rsbuild/core': 1.x

  '@rspack/binding-darwin-arm64@1.4.1':
    resolution: {integrity: sha512-enh5DYbpaexdEmjbcxj3BJDauP3w+20jFKWvKROtAQV350PUw0bf2b4WOgngIH9hBzlfjpXNYAk6T5AhVAlY3Q==}
    cpu: [arm64]
    os: [darwin]

  '@rspack/binding-darwin-x64@1.4.1':
    resolution: {integrity: sha512-KoehyhBji4TLXhn4mqOUw6xsQNRzNVA9XcCm1Jx+M1Qb0dhMTNfduvBSyXuRV5+/QaRbk7+4UJbyRNFUtt96kA==}
    cpu: [x64]
    os: [darwin]

  '@rspack/binding-linux-arm64-gnu@1.4.1':
    resolution: {integrity: sha512-PJ5cHqvrj1bK7jH5DVrdKoR8Fy+p6l9baxXajq/6xWTxP+4YTdEtLsRZnpLMS1Ho2RRpkxDWJn+gdlKuleNioQ==}
    cpu: [arm64]
    os: [linux]

  '@rspack/binding-linux-arm64-musl@1.4.1':
    resolution: {integrity: sha512-cpDz+z3FwVQfK6VYfXQEb0ym6fFIVmvK4y3R/2VAbVGWYVxZB5I6AcSdOWdDnpppHmcHpf+qQFlwhHvbpMMJNQ==}
    cpu: [arm64]
    os: [linux]

  '@rspack/binding-linux-x64-gnu@1.4.1':
    resolution: {integrity: sha512-jjTx53CpiYWK7fAv5qS8xHEytFK6gLfZRk+0kt2YII6uqez/xQ3SRcboreH8XbJcBoxINBzMNMf5/SeMBZ939A==}
    cpu: [x64]
    os: [linux]

  '@rspack/binding-linux-x64-musl@1.4.1':
    resolution: {integrity: sha512-FAyR3Og81Smtr/CnsuTiW4ZCYAPCqeV73lzMKZ9xdVUgM9324ryEgqgX38GZLB5Mo7cvQhv7/fpMeHQo16XQCw==}
    cpu: [x64]
    os: [linux]

  '@rspack/binding-wasm32-wasi@1.4.1':
    resolution: {integrity: sha512-3Q1VICIQP4GsaTJEmmwfowQ48NvhlL0CKH88l5+mbji2rBkGx7yR67pPdfCVNjXcCtFoemTYw98eaumJTjC++g==}
    cpu: [wasm32]

  '@rspack/binding-win32-arm64-msvc@1.4.1':
    resolution: {integrity: sha512-DdLPOy1J98kn45uEhiEqlBKgMvet+AxOzX2OcrnU0wQXthGM9gty1YXYNryOhlK+X+eOcwcP3GbnDOAKi8nKqw==}
    cpu: [arm64]
    os: [win32]

  '@rspack/binding-win32-ia32-msvc@1.4.1':
    resolution: {integrity: sha512-13s8fYtyC9DyvKosD2Kvzd6fVZDZZyPp91L4TEXWaO0CFhaCbtLTYIntExq9MwtKHYKKx7bchIFw93o0xjKjUg==}
    cpu: [ia32]
    os: [win32]

  '@rspack/binding-win32-x64-msvc@1.4.1':
    resolution: {integrity: sha512-ubQW8FcLnwljDanwTzkC9Abyo59gmX8m9uVr1GHOEuEU9Cua0KMijX2j/MYfiziz4nuQgv1saobY7K1I5nE3YA==}
    cpu: [x64]
    os: [win32]

  '@rspack/binding@1.4.1':
    resolution: {integrity: sha512-zYgOmI+LC2zxB/LIcnaeK66ElFHaPChdWzRruTT1LAFFwpgGkBGAwFoP27PDnxQW0Aejci21Ld8X9tyxm08QFw==}

  '@rspack/core@1.4.1':
    resolution: {integrity: sha512-UTRCTQk2G8YiPBiMvfn8FcysxeO4Muek6a/Z39Cw2r4ZI8k5iPnKiyZboTJLS7120PwWBw2SO+QQje35Z44x0g==}
    engines: {node: '>=16.0.0'}
    peerDependencies:
      '@swc/helpers': '>=0.5.1'
    peerDependenciesMeta:
      '@swc/helpers':
        optional: true

  '@rspack/lite-tapable@1.0.1':
    resolution: {integrity: sha512-VynGOEsVw2s8TAlLf/uESfrgfrq2+rcXB1muPJYBWbsm1Oa6r5qVQhjA5ggM6z/coYPrsVMgovl3Ff7Q7OCp1w==}
    engines: {node: '>=16.0.0'}

  '@sveltejs/acorn-typescript@1.0.5':
    resolution: {integrity: sha512-IwQk4yfwLdibDlrXVE04jTZYlLnwsTT2PIOQQGNLWfjavGifnk1JD1LcZjZaBTRcxZu2FfPfNLOE04DSu9lqtQ==}
    peerDependencies:
      acorn: ^8.9.0

  '@swc/helpers@0.5.17':
    resolution: {integrity: sha512-5IKx/Y13RsYd+sauPb2x+U/xZikHjolzfuDgTAl/Tdf3Q8rslRvC19NKDLgAJQ6wsqADk10ntlv08nPFw/gO/A==}

  '@thisux/sveltednd@0.0.14':
    resolution: {integrity: sha512-Vbq69SU3HUomPg6oCXtb89OG89hka0YIkdaErYibn3waK7tYE66IcQxD/Fzg8YNW3EVsXoA9kc7kW5EUBCSQGg==}

  '@thisux/sveltednd@0.0.17':
    resolution: {integrity: sha512-lRninjw439phhA8xAHqCpMAX0hnwFMdbXW4M0XJgAdnGxeum+QsLiIC4P3HnkNXAygsVKUqxRcbS84CxDZ9hPw==}
    peerDependencies:
      svelte: ^5.0.0

  '@thisux/sveltednd@0.0.18':
    resolution: {integrity: sha512-MO+iR9ZRHApvtwgWujmqwUbhv9mKs0jLOmeG4tn98GmU1/9wVOi02jrNqeggKg3c8dXz6pMmUHfOfmcq7WwYZg==}
    peerDependencies:
      svelte: ^5.0.0

  '@thisux/sveltednd@0.0.20':
    resolution: {integrity: sha512-VE0HopIlHIvNOfSZ1SsiIzl1AmTU0VSd2Nz2Q2nIdqIUsT/UP4hiLw2ed2jFqTKTbqC+kbCYL9vuBpkYnEw+Kw==}
    peerDependencies:
      svelte: ^5.0.0

  '@tybys/wasm-util@0.9.0':
    resolution: {integrity: sha512-6+7nlbMVX/PVDCwaIQ8nTOPveOcFLSt8GcXdx8hD0bt39uWxYT88uXzqTd4fTvqta7oeUJqudepapKNt2DYJFw==}

  '@types/estree@1.0.8':
    resolution: {integrity: sha512-dWHzHa2WqEXI/O1E9OjrocMTKJl2mSrEolh1Iomrv6U+JuNwaHXsXx9bLu5gG7BUWFIN0skIQJQ/L1rIex4X6w==}

  '@wailsio/runtime@3.0.0-alpha.66':
    resolution: {integrity: sha512-ENLu8rn1griL1gFHJqkq1i+BVxrrA0JPJHYneUJYuf/s54kjuQViW0RKDEe/WTDo56ABpfykrd/T8OYpPUyXUw==}

  acorn@8.15.0:
    resolution: {integrity: sha512-NZyJarBfL7nWwIq+FDL6Zp/yHEhePMNnnJ0y3qfieCrmNvYct8uvtiV41UvlSe6apAfk0fY1FbWx+NwfmpvtTg==}
    engines: {node: '>=0.4.0'}
    hasBin: true

  aria-query@5.3.2:
    resolution: {integrity: sha512-COROpnaoap1E2F000S62r6A60uHZnmlvomhfyT2DlTcrY1OrBKn2UhH7qn5wTC9zMvD0AY7csdPSNwKP+7WiQw==}
    engines: {node: '>= 0.4'}

  axobject-query@4.1.0:
    resolution: {integrity: sha512-qIj0G9wZbMGNLjLmg1PT6v2mE9AH2zlnADJD/2tC6E00hgmhUOfEB6greHPAfLRSufHqROIUTkw6E+M3lH0PTQ==}
    engines: {node: '>= 0.4'}

  big.js@5.2.2:
    resolution: {integrity: sha512-vyL2OymJxmarO8gxMr0mhChsO9QGwhynfuu4+MHTAW6czfq9humCB7rKpUjDd9YUiDPU4mzpyupFSvOClAwbmQ==}

  clsx@2.1.1:
    resolution: {integrity: sha512-eYm0QWBtUrBWZWG0d386OGAw16Z995PiOVo2B7bjWSbHedGl5e0ZWaq65kOGgUSNesEIDkB9ISbTg/JK9dhCZA==}
    engines: {node: '>=6'}

  copy-anything@3.0.5:
    resolution: {integrity: sha512-yCEafptTtb4bk7GLEQoM8KVJpxAfdBJYaXyzQEgQQQgYrZiDp8SJmGKlYza6CYjEDNstAdNdKA3UuoULlEbS6w==}
    engines: {node: '>=12.13'}

  core-js@3.43.0:
    resolution: {integrity: sha512-N6wEbTTZSYOY2rYAn85CuvWWkCK6QweMn7/4Nr3w+gDBeBhk/x4EJeY6FPo4QzDoJZxVTv8U7CMvgWk6pOHHqA==}

  emojis-list@3.0.0:
    resolution: {integrity: sha512-/kyM18EfinwXZbno9FyUGeFh87KC8HRQBQGildHZbEuRyWFOmv1U10o9BBp8XVZDVNNuQKyIGIu5ZYAAXJ0V2Q==}
    engines: {node: '>= 4'}

  esm-env@1.2.2:
    resolution: {integrity: sha512-Epxrv+Nr/CaL4ZcFGPJIYLWFom+YeV1DqMLHJoEd9SYRxNbaFruBwfEX/kkHUJf55j2+TUbmDcmuilbP1TmXHA==}

  esrap@1.4.9:
    resolution: {integrity: sha512-3OMlcd0a03UGuZpPeUC1HxR3nA23l+HEyCiZw3b3FumJIN9KphoGzDJKMXI1S72jVS1dsenDyQC0kJlO1U9E1g==}

  is-reference@3.0.3:
    resolution: {integrity: sha512-ixkJoqQvAP88E6wLydLGGqCJsrFUnqoH6HnaczB8XmDH1oaWU+xxdptvikTgaEhtZ53Ky6YXiBuUI2WXLMCwjw==}

  is-what@4.1.16:
    resolution: {integrity: sha512-ZhMwEosbFJkA0YhFnNDgTM4ZxDRsS6HqTo7qsZM08fehyRYIYa0yHu5R6mgo1n/8MgaPBXiPimPD77baVFYg+A==}
    engines: {node: '>=12.13'}

  jiti@2.4.2:
    resolution: {integrity: sha512-rg9zJN+G4n2nfJl5MW3BMygZX56zKPNVEYYqq7adpmMh4Jn2QNEwhvQlFy6jPVdcod7txZtKHWnyZiA3a0zP7A==}
    hasBin: true

  json5@2.2.3:
    resolution: {integrity: sha512-XmOWe7eyHYH14cLdVPoyg+GOH3rYX++KpzrylJwSW98t3Nk+U8XOl8FWKOgwtzdb8lXGf6zYwDUzeHMWfxasyg==}
    engines: {node: '>=6'}
    hasBin: true

  loader-utils@2.0.4:
    resolution: {integrity: sha512-xXqpXoINfFhgua9xiqD8fPFHgkoq1mmmpE92WlDbm9rNRd/EbRb+Gqf908T2DMfuHjjJlksiK2RbHVOdD/MqSw==}
    engines: {node: '>=8.9.0'}

  locate-character@3.0.0:
    resolution: {integrity: sha512-SW13ws7BjaeJ6p7Q6CO2nchbYEc3X3J6WrmTTDto7yMPqVSZTUyY5Tjbid+Ab8gLnATtygYtiDIJGQRRn2ZOiA==}

  magic-string@0.30.17:
    resolution: {integrity: sha512-sNPKHvyjVf7gyjwS4xGTaW/mCnF8wnjtifKBEhxfZ7E/S8tQ0rssrwGNn6q8JH/ohItJfSQp9mBtQYuTlH5QnA==}

  superjson@2.2.2:
    resolution: {integrity: sha512-5JRxVqC8I8NuOUjzBbvVJAKNM8qoVuH0O77h4WInc/qC2q5IreqKxYwgkga3PfA22OayK2ikceb/B26dztPl+Q==}
    engines: {node: '>=16'}

  svelte-5-french-toast@2.0.4:
    resolution: {integrity: sha512-VlhevMh6TME/uEMv9SBnsXiluS92e4HzsbRC0a72daOpYULfAquJMV2++fGBi1YFjVouyw9sPWSgGD/S1DTcjw==}
    peerDependencies:
      svelte: ^5.0.0

  svelte-dev-helper@1.1.9:
    resolution: {integrity: sha512-oU+Xv7Dl4kRU2kdFjsoPLfJfnt5hUhsFUZtuzI3Ku/f2iAFZqBoEuXOqK3N9ngD4dxQOmN4OKWPHVi3NeAeAfQ==}

  svelte-hmr@0.14.12:
    resolution: {integrity: sha512-4QSW/VvXuqVcFZ+RhxiR8/newmwOCTlbYIezvkeN6302YFRE8cXy0naamHcjz8Y9Ce3ITTZtrHrIL0AGfyo61w==}
    engines: {node: ^12.20 || ^14.13.1 || >= 16}
    peerDependencies:
      svelte: '>=3.19.0'

  svelte-loader@3.2.4:
    resolution: {integrity: sha512-e0HdDnkYH/MDx4/IfTSka5AOFg9yYJcPuoZJB5x0l60fkHjVjNvrrxr+rJegDG9J7ZymmdHt00/hdLw+QF299w==}
    peerDependencies:
      svelte: ^3.0.0 || ^4.0.0-next.0 || ^5.0.0-next.1

  svelte-portal@2.2.1:
    resolution: {integrity: sha512-uF7is5sM4aq5iN7QF/67XLnTUvQCf2iiG/B1BHTqLwYVY1dsVmTeXZ/LeEyU6dLjApOQdbEG9lkqHzxiQtOLEQ==}

  svelte-preprocess@6.0.3:
    resolution: {integrity: sha512-PLG2k05qHdhmRG7zR/dyo5qKvakhm8IJ+hD2eFRQmMLHp7X3eJnjeupUtvuRpbNiF31RjVw45W+abDwHEmP5OA==}
    engines: {node: '>= 18.0.0'}
    peerDependencies:
      '@babel/core': ^7.10.2
      coffeescript: ^2.5.1
      less: ^3.11.3 || ^4.0.0
      postcss: ^7 || ^8
      postcss-load-config: '>=3'
      pug: ^3.0.0
      sass: ^1.26.8
      stylus: '>=0.55'
      sugarss: ^2.0.0 || ^3.0.0 || ^4.0.0
      svelte: ^4.0.0 || ^5.0.0-next.100 || ^5.0.0
      typescript: ^5.0.0
    peerDependenciesMeta:
      '@babel/core':
        optional: true
      coffeescript:
        optional: true
      less:
        optional: true
      postcss:
        optional: true
      postcss-load-config:
        optional: true
      pug:
        optional: true
      sass:
        optional: true
      stylus:
        optional: true
      sugarss:
        optional: true
      typescript:
        optional: true

  svelte-writable-derived@3.1.1:
    resolution: {integrity: sha512-w4LR6/bYZEuCs7SGr+M54oipk/UQKtiMadyOhW0PTwAtJ/Ai12QS77sLngEcfBx2q4H8ZBQucc9ktSA5sUGZWw==}
    peerDependencies:
      svelte: ^3.2.1 || ^4.0.0-next.1 || ^5.0.0-next.94

  svelte@5.34.9:
    resolution: {integrity: sha512-sld35zFpooaSRSj4qw8Vl/cyyK0/sLQq9qhJ7BGZo/Kd0ggYtEnvNYLlzhhoqYsYQzA0hJqkzt3RBO/8KoTZOg==}
    engines: {node: '>=18'}

  tslib@2.8.1:
    resolution: {integrity: sha512-oJFu94HQb+KVduSUQL7wnpmqnfmLsOA/nAh6b6EH0wCEoK0/mPeXU6c3wKDV83MkOuHPRHtSXKKU99IBazS/2w==}

  typescript@5.8.3:
    resolution: {integrity: sha512-p1diW6TqL9L07nNxvRMM7hMMw4c5XOo/1ibL4aAIGmSAt9slTE1Xgw5KWuof2uTOvCg9BY7ZRi+GaF+7sfgPeQ==}
    engines: {node: '>=14.17'}
    hasBin: true

  zimmerframe@1.1.2:
    resolution: {integrity: sha512-rAbqEGa8ovJy4pyBxZM70hg4pE6gDgaQ0Sl9M3enG3I0d6H4XSAM3GeNGLKnsBpuijUow064sf7ww1nutC5/3w==}

snapshots:

  '@ampproject/remapping@2.3.0':
    dependencies:
      '@jridgewell/gen-mapping': 0.3.9
      '@jridgewell/trace-mapping': 0.3.25

  '@biomejs/biome@1.9.4':
    optionalDependencies:
      '@biomejs/cli-darwin-arm64': 1.9.4
      '@biomejs/cli-darwin-x64': 1.9.4
      '@biomejs/cli-linux-arm64': 1.9.4
      '@biomejs/cli-linux-arm64-musl': 1.9.4
      '@biomejs/cli-linux-x64': 1.9.4
      '@biomejs/cli-linux-x64-musl': 1.9.4
      '@biomejs/cli-win32-arm64': 1.9.4
      '@biomejs/cli-win32-x64': 1.9.4

  '@biomejs/cli-darwin-arm64@1.9.4':
    optional: true

  '@biomejs/cli-darwin-x64@1.9.4':
    optional: true

  '@biomejs/cli-linux-arm64-musl@1.9.4':
    optional: true

  '@biomejs/cli-linux-arm64@1.9.4':
    optional: true

  '@biomejs/cli-linux-x64-musl@1.9.4':
    optional: true

  '@biomejs/cli-linux-x64@1.9.4':
    optional: true

  '@biomejs/cli-win32-arm64@1.9.4':
    optional: true

  '@biomejs/cli-win32-x64@1.9.4':
    optional: true

  '@emnapi/core@1.4.3':
    dependencies:
      '@emnapi/wasi-threads': 1.0.2
      tslib: 2.8.1
    optional: true

  '@emnapi/runtime@1.4.3':
    dependencies:
      tslib: 2.8.1
    optional: true

  '@emnapi/wasi-threads@1.0.2':
    dependencies:
      tslib: 2.8.1
    optional: true

  '@jridgewell/gen-mapping@0.3.9':
    dependencies:
      '@jridgewell/sourcemap-codec': 1.5.0
      '@jridgewell/trace-mapping': 0.3.25

  '@jridgewell/resolve-uri@3.1.2': {}

  '@jridgewell/sourcemap-codec@1.5.0': {}

  '@jridgewell/trace-mapping@0.3.25':
    dependencies:
      '@jridgewell/resolve-uri': 3.1.2
      '@jridgewell/sourcemap-codec': 1.5.0

  '@module-federation/error-codes@0.15.0': {}

  '@module-federation/runtime-core@0.15.0':
    dependencies:
      '@module-federation/error-codes': 0.15.0
      '@module-federation/sdk': 0.15.0

  '@module-federation/runtime-tools@0.15.0':
    dependencies:
      '@module-federation/runtime': 0.15.0
      '@module-federation/webpack-bundler-runtime': 0.15.0

  '@module-federation/runtime@0.15.0':
    dependencies:
      '@module-federation/error-codes': 0.15.0
      '@module-federation/runtime-core': 0.15.0
      '@module-federation/sdk': 0.15.0

  '@module-federation/sdk@0.15.0': {}

  '@module-federation/webpack-bundler-runtime@0.15.0':
    dependencies:
      '@module-federation/runtime': 0.15.0
      '@module-federation/sdk': 0.15.0

  '@napi-rs/wasm-runtime@0.2.11':
    dependencies:
      '@emnapi/core': 1.4.3
      '@emnapi/runtime': 1.4.3
      '@tybys/wasm-util': 0.9.0
    optional: true

  '@rsbuild/core@1.4.2':
    dependencies:
      '@rspack/core': 1.4.1(@swc/helpers@0.5.17)
      '@rspack/lite-tapable': 1.0.1
      '@swc/helpers': 0.5.17
      core-js: 3.43.0
      jiti: 2.4.2

  '@rsbuild/plugin-svelte@1.0.10(@rsbuild/core@1.4.2)(svelte@5.34.9)(typescript@5.8.3)':
    dependencies:
      '@rsbuild/core': 1.4.2
      svelte-loader: 3.2.4(svelte@5.34.9)
      svelte-preprocess: 6.0.3(svelte@5.34.9)(typescript@5.8.3)
    transitivePeerDependencies:
      - '@babel/core'
      - coffeescript
      - less
      - postcss
      - postcss-load-config
      - pug
      - sass
      - stylus
      - sugarss
      - svelte
      - typescript

  '@rspack/binding-darwin-arm64@1.4.1':
    optional: true

  '@rspack/binding-darwin-x64@1.4.1':
    optional: true

  '@rspack/binding-linux-arm64-gnu@1.4.1':
    optional: true

  '@rspack/binding-linux-arm64-musl@1.4.1':
    optional: true

  '@rspack/binding-linux-x64-gnu@1.4.1':
    optional: true

  '@rspack/binding-linux-x64-musl@1.4.1':
    optional: true

  '@rspack/binding-wasm32-wasi@1.4.1':
    dependencies:
      '@napi-rs/wasm-runtime': 0.2.11
    optional: true

  '@rspack/binding-win32-arm64-msvc@1.4.1':
    optional: true

  '@rspack/binding-win32-ia32-msvc@1.4.1':
    optional: true

  '@rspack/binding-win32-x64-msvc@1.4.1':
    optional: true

  '@rspack/binding@1.4.1':
    optionalDependencies:
      '@rspack/binding-darwin-arm64': 1.4.1
      '@rspack/binding-darwin-x64': 1.4.1
      '@rspack/binding-linux-arm64-gnu': 1.4.1
      '@rspack/binding-linux-arm64-musl': 1.4.1
      '@rspack/binding-linux-x64-gnu': 1.4.1
      '@rspack/binding-linux-x64-musl': 1.4.1
      '@rspack/binding-wasm32-wasi': 1.4.1
      '@rspack/binding-win32-arm64-msvc': 1.4.1
      '@rspack/binding-win32-ia32-msvc': 1.4.1
      '@rspack/binding-win32-x64-msvc': 1.4.1

  '@rspack/core@1.4.1(@swc/helpers@0.5.17)':
    dependencies:
      '@module-federation/runtime-tools': 0.15.0
      '@rspack/binding': 1.4.1
      '@rspack/lite-tapable': 1.0.1
    optionalDependencies:
      '@swc/helpers': 0.5.17

  '@rspack/lite-tapable@1.0.1': {}

  '@sveltejs/acorn-typescript@1.0.5(acorn@8.15.0)':
    dependencies:
      acorn: 8.15.0

  '@swc/helpers@0.5.17':
    dependencies:
      tslib: 2.8.1

  '@thisux/sveltednd@0.0.14': {}

  '@thisux/sveltednd@0.0.17(svelte@5.34.9)':
    dependencies:
      '@thisux/sveltednd': 0.0.14
      svelte: 5.34.9

  '@thisux/sveltednd@0.0.18(svelte@5.34.9)':
    dependencies:
      '@thisux/sveltednd': 0.0.17(svelte@5.34.9)
      svelte: 5.34.9

  '@thisux/sveltednd@0.0.20(svelte@5.34.9)':
    dependencies:
      '@thisux/sveltednd': 0.0.18(svelte@5.34.9)
      svelte: 5.34.9

  '@tybys/wasm-util@0.9.0':
    dependencies:
      tslib: 2.8.1
    optional: true

  '@types/estree@1.0.8': {}

  '@wailsio/runtime@3.0.0-alpha.66': {}

  acorn@8.15.0: {}

  aria-query@5.3.2: {}

  axobject-query@4.1.0: {}

  big.js@5.2.2: {}

  clsx@2.1.1: {}

  copy-anything@3.0.5:
    dependencies:
      is-what: 4.1.16

  core-js@3.43.0: {}

  emojis-list@3.0.0: {}

  esm-env@1.2.2: {}

  esrap@1.4.9:
    dependencies:
      '@jridgewell/sourcemap-codec': 1.5.0

  is-reference@3.0.3:
    dependencies:
      '@types/estree': 1.0.8

  is-what@4.1.16: {}

  jiti@2.4.2: {}

  json5@2.2.3: {}

  loader-utils@2.0.4:
    dependencies:
      big.js: 5.2.2
      emojis-list: 3.0.0
      json5: 2.2.3

  locate-character@3.0.0: {}

  magic-string@0.30.17:
    dependencies:
      '@jridgewell/sourcemap-codec': 1.5.0

  superjson@2.2.2:
    dependencies:
      copy-anything: 3.0.5

  svelte-5-french-toast@2.0.4(svelte@5.34.9):
    dependencies:
      svelte: 5.34.9
      svelte-writable-derived: 3.1.1(svelte@5.34.9)

  svelte-dev-helper@1.1.9: {}

  svelte-hmr@0.14.12(svelte@5.34.9):
    dependencies:
      svelte: 5.34.9

  svelte-loader@3.2.4(svelte@5.34.9):
    dependencies:
      loader-utils: 2.0.4
      svelte: 5.34.9
      svelte-dev-helper: 1.1.9
      svelte-hmr: 0.14.12(svelte@5.34.9)

  svelte-portal@2.2.1: {}

  svelte-preprocess@6.0.3(svelte@5.34.9)(typescript@5.8.3):
    dependencies:
      svelte: 5.34.9
    optionalDependencies:
      typescript: 5.8.3

  svelte-writable-derived@3.1.1(svelte@5.34.9):
    dependencies:
      svelte: 5.34.9

  svelte@5.34.9:
    dependencies:
      '@ampproject/remapping': 2.3.0
      '@jridgewell/sourcemap-codec': 1.5.0
      '@sveltejs/acorn-typescript': 1.0.5(acorn@8.15.0)
      '@types/estree': 1.0.8
      acorn: 8.15.0
      aria-query: 5.3.2
      axobject-query: 4.1.0
      clsx: 2.1.1
      esm-env: 1.2.2
      esrap: 1.4.9
      is-reference: 3.0.3
      locate-character: 3.0.0
      magic-string: 0.30.17
      zimmerframe: 1.1.2

  tslib@2.8.1: {}

  typescript@5.8.3: {}

  zimmerframe@1.1.2: {}
