lockfileVersion: '9.0'

settings:
  autoInstallPeers: true
  excludeLinksFromLockfile: false

importers:

  .:
    dependencies:
      '@wailsio/runtime':
        specifier: 3.0.0-alpha.27
        version: 3.0.0-alpha.27
      svelte:
        specifier: ^5.20.5
        version: 5.20.5
      svelte-5-french-toast:
        specifier: 2.0.1
        version: 2.0.1(svelte@5.20.5)
      svelte-dnd-action:
        specifier: ^0.9.57
        version: 0.9.57(svelte@5.20.5)
    devDependencies:
      '@rsbuild/core':
        specifier: 1.0.5
        version: 1.0.5
      '@rsbuild/plugin-svelte':
        specifier: 1.0.5
        version: 1.0.5(@rsbuild/core@1.0.5)(svelte@5.20.5)(typescript@5.8.2)
      oxlint:
        specifier: ^0.13.2
        version: 0.13.2
      typescript:
        specifier: ^5.8.2
        version: 5.8.2

packages:

  '@ampproject/remapping@2.3.0':
    resolution: {integrity: sha512-30iZtAPgz+LTIYoeivqYo853f02jBYSd5uGnGpkFV0M3xOt9aN73erkgYAmZU43x4VfqcnLxW9Kpg3R5LC4YYw==}
    engines: {node: '>=6.0.0'}

  '@jridgewell/gen-mapping@0.3.8':
    resolution: {integrity: sha512-imAbBGkb+ebQyxKgzv5Hu2nmROxoDOXHh80evxdoXNOrvAnVx7zimzc1Oo5h9RlfV4vPXaE2iM5pOFbvOCClWA==}
    engines: {node: '>=6.0.0'}

  '@jridgewell/resolve-uri@3.1.2':
    resolution: {integrity: sha512-bRISgCIjP20/tbWSPWMEi54QVPRZExkuD9lJL+UIxUKtwVJA8wW1Trb1jMs1RFXo1CBTNZ/5hpC9QvmKWdopKw==}
    engines: {node: '>=6.0.0'}

  '@jridgewell/set-array@1.2.1':
    resolution: {integrity: sha512-R8gLRTZeyp03ymzP/6Lil/28tGeGEzhx1q2k703KGWRAI1VdvPIXdG70VJc2pAMw3NA6JKL5hhFu1sJX0Mnn/A==}
    engines: {node: '>=6.0.0'}

  '@jridgewell/sourcemap-codec@1.5.0':
    resolution: {integrity: sha512-gv3ZRaISU3fjPAgNsriBRqGWQL6quFx04YMPW/zD8XMLsU32mhCCbfbO6KZFLjvYpCZ8zyDEgqsgf+PwPaM7GQ==}

  '@jridgewell/trace-mapping@0.3.25':
    resolution: {integrity: sha512-vNk6aEwybGtawWmy/PzwnGDOjCkLWSD2wqvjGGAgOAwCGWySYXfYoxt00IJkTF+8Lb57DwOb3Aa0o9CApepiYQ==}

  '@module-federation/runtime-tools@0.5.1':
    resolution: {integrity: sha512-nfBedkoZ3/SWyO0hnmaxuz0R0iGPSikHZOAZ0N/dVSQaIzlffUo35B5nlC2wgWIc0JdMZfkwkjZRrnuuDIJbzg==}

  '@module-federation/runtime@0.5.1':
    resolution: {integrity: sha512-xgiMUWwGLWDrvZc9JibuEbXIbhXg6z2oUkemogSvQ4LKvrl/n0kbqP1Blk669mXzyWbqtSp6PpvNdwaE1aN5xQ==}

  '@module-federation/sdk@0.5.1':
    resolution: {integrity: sha512-exvchtjNURJJkpqjQ3/opdbfeT2wPKvrbnGnyRkrwW5o3FH1LaST1tkiNviT6OXTexGaVc2DahbdniQHVtQ7pA==}

  '@module-federation/webpack-bundler-runtime@0.5.1':
    resolution: {integrity: sha512-mMhRFH0k2VjwHt3Jol9JkUsmI/4XlrAoBG3E0o7HoyoPYv1UFOWyqAflfANcUPgbYpvqmyLzDcO+3IT36LXnrA==}

  '@oxlint/darwin-arm64@0.13.2':
    resolution: {integrity: sha512-Jbi2UX1xTFTpH/D6n15RzDSG/44oJ0FwrHWl96TsdD3PAOGxmm8LgcrsCU4d22TSN7ShDFB8y34MYplduRzhfA==}
    cpu: [arm64]
    os: [darwin]

  '@oxlint/darwin-x64@0.13.2':
    resolution: {integrity: sha512-ulA2vpNIM14VWJua6BjgX6l8nrjY8Un0uLqBLgELyDHMfpnC0HfrB2mR9PC9tRhb7+BEbgDLWTRs2aTV64eprw==}
    cpu: [x64]
    os: [darwin]

  '@oxlint/linux-arm64-gnu@0.13.2':
    resolution: {integrity: sha512-iwguvPnIx/yIMc2IrwLeRflEFwyn+gcsNR8le5aX5DvQfHiB3/3x5JxOVl7Nd93lLsOg8RyVr2E11CxV10rKWw==}
    cpu: [arm64]
    os: [linux]

  '@oxlint/linux-arm64-musl@0.13.2':
    resolution: {integrity: sha512-YJVvVyuvUobgCmiE47kBwN6dymLcQBG5/NsEaCbVyYw5HQJN7Ywp/x4suaF4c6M9ItPCnLxEZ4Lwu5TkrkU3vQ==}
    cpu: [arm64]
    os: [linux]

  '@oxlint/linux-x64-gnu@0.13.2':
    resolution: {integrity: sha512-w78gjd3ZJ+ahByS5gmN0jxFn/+G3W/oBJbyGFOuteXYcJwLj6JIyS0VhpMKxuAdFNCnsjJeDHSbdWaCV6VkA3A==}
    cpu: [x64]
    os: [linux]

  '@oxlint/linux-x64-musl@0.13.2':
    resolution: {integrity: sha512-yedk6KQT3jtBzpzExo3Ib7NwfuugaaFKvk/EzXEojMQ5aYh6CNhmVmm+adzwBp4YyOeXQZxSPHQ1LcNwDCUJIA==}
    cpu: [x64]
    os: [linux]

  '@oxlint/win32-arm64@0.13.2':
    resolution: {integrity: sha512-KZvJ3uMWSCwkZtvOcO+K4mLmYU/jIcHUb00s8aPasG1taflbjINsq9ZUUj5LNigcDwJRZGUwNcvY5KuQ+E9WtQ==}
    cpu: [arm64]
    os: [win32]

  '@oxlint/win32-x64@0.13.2':
    resolution: {integrity: sha512-G8FM8RTJRMt2dPRJ/TXhqIEu9k00vRAoh3DSV2r3o+jD8FZDBZXOgoDn2D0F9HqgFLEOVTxpfalmWntyk2hmyw==}
    cpu: [x64]
    os: [win32]

  '@rsbuild/core@1.0.5':
    resolution: {integrity: sha512-yUWs4k9X9C661P0kwe3Om1GMJKAxliXDMnBV5hHoaEuAovdp/pOG3pk2fVsRrxcwMn3i6FyMGSVB7g0WmQpeHA==}
    engines: {node: '>=16.7.0'}
    hasBin: true

  '@rsbuild/plugin-svelte@1.0.5':
    resolution: {integrity: sha512-7J5wvV+8LUn2AcppgPu+OKu3J2Qylj86jRItpRMMIpLI4YBYS6gM9DWOpti4ynr7peWdHrU05s6kE7F/EBKjMw==}
    peerDependencies:
      '@rsbuild/core': 1.x

  '@rspack/binding-darwin-arm64@1.0.14':
    resolution: {integrity: sha512-dHvlF6T6ctThGDIdvkSdacroA1xlCxfteuppBj8BX/UxzLPr4xsaEtNilfJmFfd2/J02UQyTQauN/9EBuA+YkA==}
    cpu: [arm64]
    os: [darwin]

  '@rspack/binding-darwin-x64@1.0.14':
    resolution: {integrity: sha512-q4Da1Bn/4xTLhhnOkT+fjP2STsSCfp4z03/J/h8tCVG/UYz56Ud3q1UEOK33c5Fxw1C4GlhEh5yYOlSAdxFQLQ==}
    cpu: [x64]
    os: [darwin]

  '@rspack/binding-linux-arm64-gnu@1.0.14':
    resolution: {integrity: sha512-JogYtL3VQS9wJ3p3FNhDqinm7avrMsdwz4erP7YCjD7idob93GYAE7dPrHUzSNVnCBYXRaHJYZHDQs7lKVcYZw==}
    cpu: [arm64]
    os: [linux]

  '@rspack/binding-linux-arm64-musl@1.0.14':
    resolution: {integrity: sha512-qgybhxI/nnoa8CUz7zKTC0Oh37NZt9uRxsSV7+ZYrfxqbrVCoNVuutPpY724uUHy1M6W34kVEm1uT1N4Ka5cZg==}
    cpu: [arm64]
    os: [linux]

  '@rspack/binding-linux-x64-gnu@1.0.14':
    resolution: {integrity: sha512-5vzaDRw3/sGKo3ax/1cU3/cxqNjajwlt2LU288vXNe1/n8oe/pcDfYcTugpOe/A1DqzadanudJszLpFcKsaFtQ==}
    cpu: [x64]
    os: [linux]

  '@rspack/binding-linux-x64-musl@1.0.14':
    resolution: {integrity: sha512-4U6QD9xVS1eGme52DuJr6Fg/KdcUfJ+iKwH49Up460dZ/fLvGylnVGA+V0mzPlKi8gfy7NwFuYXZdu3Pwi1YYg==}
    cpu: [x64]
    os: [linux]

  '@rspack/binding-win32-arm64-msvc@1.0.14':
    resolution: {integrity: sha512-SjeYw7qqRHYZ5RPClu+ffKZsShQdU3amA1OwC3M0AS6dbfEcji8482St3Y8Z+QSzYRapCEZij9LMM/9ypEhISg==}
    cpu: [arm64]
    os: [win32]

  '@rspack/binding-win32-ia32-msvc@1.0.14':
    resolution: {integrity: sha512-m1gUiVyz3Z3VYIK/Ayo5CVHBjnEeRk9a+KIpKSsq1yhZItnMgjtr4bKabU9vjxalO4UoaSmVzODJI8lJBlnn5Q==}
    cpu: [ia32]
    os: [win32]

  '@rspack/binding-win32-x64-msvc@1.0.14':
    resolution: {integrity: sha512-Gbeg+bayMF9VP9xmlxySL/TC2XrS6/LZM/pqcNOTLHx6LMG/VXCcmKB0rOZo8MzLXEt8D/lQmQ/B6g7pSaAw0g==}
    cpu: [x64]
    os: [win32]

  '@rspack/binding@1.0.14':
    resolution: {integrity: sha512-0wWqFvr9hkF4LgNPgWfkTU0hhkZAMvOytoCs2p+wDX1Up1E/SgJ1U1JAsCxsl1XtUKm7mRvdWHzJmHbza3y89Q==}

  '@rspack/core@1.0.14':
    resolution: {integrity: sha512-xHl23lxJZNjItGc5YuE9alz3yjb56y7EgJmAcBMPHMqgjtUt8rBu4xd/cSUjbr9/lLF9N4hdyoJiPJOFs9LEjw==}
    engines: {node: '>=16.0.0'}
    peerDependencies:
      '@swc/helpers': '>=0.5.1'
    peerDependenciesMeta:
      '@swc/helpers':
        optional: true

  '@rspack/lite-tapable@1.0.1':
    resolution: {integrity: sha512-VynGOEsVw2s8TAlLf/uESfrgfrq2+rcXB1muPJYBWbsm1Oa6r5qVQhjA5ggM6z/coYPrsVMgovl3Ff7Q7OCp1w==}
    engines: {node: '>=16.0.0'}

  '@swc/helpers@0.5.15':
    resolution: {integrity: sha512-JQ5TuMi45Owi4/BIMAJBoSQoOJu12oOk/gADqlcUL9JEdHB8vyjUSsxqeNXnmXHjYKMi2WcYtezGEEhqUI/E2g==}

  '@types/estree@1.0.6':
    resolution: {integrity: sha512-AYnb1nQyY49te+VRAVgmzfcgjYS91mY5P0TKUDCLEM+gNnA+3T6rWITXRLYCpahpqSQbN5cE+gHpnPyXjHWxcw==}

  '@wailsio/runtime@3.0.0-alpha.27':
    resolution: {integrity: sha512-uhUm0XbpKytoVdSQMu7uGsxdtXEPEkLBlTtppeGYvw2P7dISJK9SczmOUGGyAHyyzdNMf5wIKkGr9ipCk/6fwA==}

  acorn-typescript@1.4.13:
    resolution: {integrity: sha512-xsc9Xv0xlVfwp2o7sQ+GCQ1PgbkdcpWdTzrwXxO3xDMTAywVS3oXVOcOHuRjAPkS4P9b+yc/qNF15460v+jp4Q==}
    peerDependencies:
      acorn: '>=8.9.0'

  acorn@8.14.0:
    resolution: {integrity: sha512-cl669nCJTZBsL97OF4kUQm5g5hC2uihk0NxY3WENAC0TYdILVkAyHymAntgxGkl7K+t0cXIrH5siy5S4XkFycA==}
    engines: {node: '>=0.4.0'}
    hasBin: true

  aria-query@5.3.2:
    resolution: {integrity: sha512-COROpnaoap1E2F000S62r6A60uHZnmlvomhfyT2DlTcrY1OrBKn2UhH7qn5wTC9zMvD0AY7csdPSNwKP+7WiQw==}
    engines: {node: '>= 0.4'}

  axobject-query@4.1.0:
    resolution: {integrity: sha512-qIj0G9wZbMGNLjLmg1PT6v2mE9AH2zlnADJD/2tC6E00hgmhUOfEB6greHPAfLRSufHqROIUTkw6E+M3lH0PTQ==}
    engines: {node: '>= 0.4'}

  big.js@5.2.2:
    resolution: {integrity: sha512-vyL2OymJxmarO8gxMr0mhChsO9QGwhynfuu4+MHTAW6czfq9humCB7rKpUjDd9YUiDPU4mzpyupFSvOClAwbmQ==}

  caniuse-lite@1.0.30001701:
    resolution: {integrity: sha512-faRs/AW3jA9nTwmJBSO1PQ6L/EOgsB5HMQQq4iCu5zhPgVVgO/pZRHlmatwijZKetFw8/Pr4q6dEN8sJuq8qTw==}

  clsx@2.1.1:
    resolution: {integrity: sha512-eYm0QWBtUrBWZWG0d386OGAw16Z995PiOVo2B7bjWSbHedGl5e0ZWaq65kOGgUSNesEIDkB9ISbTg/JK9dhCZA==}
    engines: {node: '>=6'}

  core-js@3.38.1:
    resolution: {integrity: sha512-OP35aUorbU3Zvlx7pjsFdu1rGNnD4pgw/CWoYzRY3t2EzoVT7shKHY1dlAy3f41cGIO7ZDPQimhGFTlEYkG/Hw==}

  emojis-list@3.0.0:
    resolution: {integrity: sha512-/kyM18EfinwXZbno9FyUGeFh87KC8HRQBQGildHZbEuRyWFOmv1U10o9BBp8XVZDVNNuQKyIGIu5ZYAAXJ0V2Q==}
    engines: {node: '>= 4'}

  esm-env@1.2.2:
    resolution: {integrity: sha512-Epxrv+Nr/CaL4ZcFGPJIYLWFom+YeV1DqMLHJoEd9SYRxNbaFruBwfEX/kkHUJf55j2+TUbmDcmuilbP1TmXHA==}

  esrap@1.4.5:
    resolution: {integrity: sha512-CjNMjkBWWZeHn+VX+gS8YvFwJ5+NDhg8aWZBSFJPR8qQduDNjbJodA2WcwCm7uQa5Rjqj+nZvVmceg1RbHFB9g==}

  fsevents@2.3.3:
    resolution: {integrity: sha512-5xoDfX+fL7faATnagmWPpbFtwh/R77WmMMqqHGS65C3vvB0YHrgF+B1YmZ3441tMj5n63k0212XNoJwzlhffQw==}
    engines: {node: ^8.16.0 || ^10.6.0 || >=11.0.0}
    os: [darwin]

  is-reference@3.0.3:
    resolution: {integrity: sha512-ixkJoqQvAP88E6wLydLGGqCJsrFUnqoH6HnaczB8XmDH1oaWU+xxdptvikTgaEhtZ53Ky6YXiBuUI2WXLMCwjw==}

  json5@2.2.3:
    resolution: {integrity: sha512-XmOWe7eyHYH14cLdVPoyg+GOH3rYX++KpzrylJwSW98t3Nk+U8XOl8FWKOgwtzdb8lXGf6zYwDUzeHMWfxasyg==}
    engines: {node: '>=6'}
    hasBin: true

  loader-utils@2.0.4:
    resolution: {integrity: sha512-xXqpXoINfFhgua9xiqD8fPFHgkoq1mmmpE92WlDbm9rNRd/EbRb+Gqf908T2DMfuHjjJlksiK2RbHVOdD/MqSw==}
    engines: {node: '>=8.9.0'}

  locate-character@3.0.0:
    resolution: {integrity: sha512-SW13ws7BjaeJ6p7Q6CO2nchbYEc3X3J6WrmTTDto7yMPqVSZTUyY5Tjbid+Ab8gLnATtygYtiDIJGQRRn2ZOiA==}

  magic-string@0.30.17:
    resolution: {integrity: sha512-sNPKHvyjVf7gyjwS4xGTaW/mCnF8wnjtifKBEhxfZ7E/S8tQ0rssrwGNn6q8JH/ohItJfSQp9mBtQYuTlH5QnA==}

  nanoid@5.1.2:
    resolution: {integrity: sha512-b+CiXQCNMUGe0Ri64S9SXFcP9hogjAJ2Rd6GdVxhPLRm7mhGaM7VgOvCAJ1ZshfHbqVDI3uqTI5C8/GaKuLI7g==}
    engines: {node: ^18 || >=20}
    hasBin: true

  oxlint@0.13.2:
    resolution: {integrity: sha512-R7wXUspM75TeEXaAFLmuPH0W3h5B5r6BNtOvkcnVddD3BWbBiEOWe9bCqt4+te0l8wQ4a0/XLCGrJroxFFeajg==}
    engines: {node: '>=14.*'}
    hasBin: true

  svelte-5-french-toast@2.0.1:
    resolution: {integrity: sha512-HQxc9tNqfjy3LLd6+y5xLFh3EaUCHQ1pjPzgTnrLhcBu9RugxS0VUsj2C2k2wjehqqqS5prdwqydSYx/a25Tcw==}
    peerDependencies:
      svelte: ^5.0.0-next.1

  svelte-dev-helper@1.1.9:
    resolution: {integrity: sha512-oU+Xv7Dl4kRU2kdFjsoPLfJfnt5hUhsFUZtuzI3Ku/f2iAFZqBoEuXOqK3N9ngD4dxQOmN4OKWPHVi3NeAeAfQ==}

  svelte-dnd-action@0.9.57:
    resolution: {integrity: sha512-H1QPlthwAH+xjaISKbp/dQJYeC3Jt1mlTNqJDko0f7XgEyi5ee3PMEuAfF1soJXA0Y5ceb+W8xJXiSZ+2CeMNA==}
    peerDependencies:
      svelte: '>=3.23.0 || ^5.0.0-next.0'

  svelte-hmr@0.14.12:
    resolution: {integrity: sha512-4QSW/VvXuqVcFZ+RhxiR8/newmwOCTlbYIezvkeN6302YFRE8cXy0naamHcjz8Y9Ce3ITTZtrHrIL0AGfyo61w==}
    engines: {node: ^12.20 || ^14.13.1 || >= 16}
    peerDependencies:
      svelte: '>=3.19.0'

  svelte-loader@3.2.4:
    resolution: {integrity: sha512-e0HdDnkYH/MDx4/IfTSka5AOFg9yYJcPuoZJB5x0l60fkHjVjNvrrxr+rJegDG9J7ZymmdHt00/hdLw+QF299w==}
    peerDependencies:
      svelte: ^3.0.0 || ^4.0.0-next.0 || ^5.0.0-next.1

  svelte-preprocess@6.0.3:
    resolution: {integrity: sha512-PLG2k05qHdhmRG7zR/dyo5qKvakhm8IJ+hD2eFRQmMLHp7X3eJnjeupUtvuRpbNiF31RjVw45W+abDwHEmP5OA==}
    engines: {node: '>= 18.0.0'}
    peerDependencies:
      '@babel/core': ^7.10.2
      coffeescript: ^2.5.1
      less: ^3.11.3 || ^4.0.0
      postcss: ^7 || ^8
      postcss-load-config: '>=3'
      pug: ^3.0.0
      sass: ^1.26.8
      stylus: '>=0.55'
      sugarss: ^2.0.0 || ^3.0.0 || ^4.0.0
      svelte: ^4.0.0 || ^5.0.0-next.100 || ^5.0.0
      typescript: ^5.0.0
    peerDependenciesMeta:
      '@babel/core':
        optional: true
      coffeescript:
        optional: true
      less:
        optional: true
      postcss:
        optional: true
      postcss-load-config:
        optional: true
      pug:
        optional: true
      sass:
        optional: true
      stylus:
        optional: true
      sugarss:
        optional: true
      typescript:
        optional: true

  svelte-writable-derived@3.1.1:
    resolution: {integrity: sha512-w4LR6/bYZEuCs7SGr+M54oipk/UQKtiMadyOhW0PTwAtJ/Ai12QS77sLngEcfBx2q4H8ZBQucc9ktSA5sUGZWw==}
    peerDependencies:
      svelte: ^3.2.1 || ^4.0.0-next.1 || ^5.0.0-next.94

  svelte@5.20.5:
    resolution: {integrity: sha512-dpu2lTPVsAAgZFKpF7A9741sBCdXGogfxFU4aQeVgun7GVNCSVheTzj0FsT7g9OsLhBaMX4lKLwVIvmzQGytmQ==}
    engines: {node: '>=18'}

  tslib@2.8.1:
    resolution: {integrity: sha512-oJFu94HQb+KVduSUQL7wnpmqnfmLsOA/nAh6b6EH0wCEoK0/mPeXU6c3wKDV83MkOuHPRHtSXKKU99IBazS/2w==}

  typescript@5.8.2:
    resolution: {integrity: sha512-aJn6wq13/afZp/jT9QZmwEjDqqvSGp1VT5GVg+f/t6/oVyrgXM6BY1h9BRh/O5p3PlUPAe+WuiEZOmb/49RqoQ==}
    engines: {node: '>=14.17'}
    hasBin: true

  zimmerframe@1.1.2:
    resolution: {integrity: sha512-rAbqEGa8ovJy4pyBxZM70hg4pE6gDgaQ0Sl9M3enG3I0d6H4XSAM3GeNGLKnsBpuijUow064sf7ww1nutC5/3w==}

snapshots:

  '@ampproject/remapping@2.3.0':
    dependencies:
      '@jridgewell/gen-mapping': 0.3.8
      '@jridgewell/trace-mapping': 0.3.25

  '@jridgewell/gen-mapping@0.3.8':
    dependencies:
      '@jridgewell/set-array': 1.2.1
      '@jridgewell/sourcemap-codec': 1.5.0
      '@jridgewell/trace-mapping': 0.3.25

  '@jridgewell/resolve-uri@3.1.2': {}

  '@jridgewell/set-array@1.2.1': {}

  '@jridgewell/sourcemap-codec@1.5.0': {}

  '@jridgewell/trace-mapping@0.3.25':
    dependencies:
      '@jridgewell/resolve-uri': 3.1.2
      '@jridgewell/sourcemap-codec': 1.5.0

  '@module-federation/runtime-tools@0.5.1':
    dependencies:
      '@module-federation/runtime': 0.5.1
      '@module-federation/webpack-bundler-runtime': 0.5.1

  '@module-federation/runtime@0.5.1':
    dependencies:
      '@module-federation/sdk': 0.5.1

  '@module-federation/sdk@0.5.1': {}

  '@module-federation/webpack-bundler-runtime@0.5.1':
    dependencies:
      '@module-federation/runtime': 0.5.1
      '@module-federation/sdk': 0.5.1

  '@oxlint/darwin-arm64@0.13.2':
    optional: true

  '@oxlint/darwin-x64@0.13.2':
    optional: true

  '@oxlint/linux-arm64-gnu@0.13.2':
    optional: true

  '@oxlint/linux-arm64-musl@0.13.2':
    optional: true

  '@oxlint/linux-x64-gnu@0.13.2':
    optional: true

  '@oxlint/linux-x64-musl@0.13.2':
    optional: true

  '@oxlint/win32-arm64@0.13.2':
    optional: true

  '@oxlint/win32-x64@0.13.2':
    optional: true

  '@rsbuild/core@1.0.5':
    dependencies:
      '@rspack/core': 1.0.14(@swc/helpers@0.5.15)
      '@rspack/lite-tapable': 1.0.1
      '@swc/helpers': 0.5.15
      caniuse-lite: 1.0.30001701
      core-js: 3.38.1
    optionalDependencies:
      fsevents: 2.3.3

  '@rsbuild/plugin-svelte@1.0.5(@rsbuild/core@1.0.5)(svelte@5.20.5)(typescript@5.8.2)':
    dependencies:
      '@rsbuild/core': 1.0.5
      svelte-loader: 3.2.4(svelte@5.20.5)
      svelte-preprocess: 6.0.3(svelte@5.20.5)(typescript@5.8.2)
    transitivePeerDependencies:
      - '@babel/core'
      - coffeescript
      - less
      - postcss
      - postcss-load-config
      - pug
      - sass
      - stylus
      - sugarss
      - svelte
      - typescript

  '@rspack/binding-darwin-arm64@1.0.14':
    optional: true

  '@rspack/binding-darwin-x64@1.0.14':
    optional: true

  '@rspack/binding-linux-arm64-gnu@1.0.14':
    optional: true

  '@rspack/binding-linux-arm64-musl@1.0.14':
    optional: true

  '@rspack/binding-linux-x64-gnu@1.0.14':
    optional: true

  '@rspack/binding-linux-x64-musl@1.0.14':
    optional: true

  '@rspack/binding-win32-arm64-msvc@1.0.14':
    optional: true

  '@rspack/binding-win32-ia32-msvc@1.0.14':
    optional: true

  '@rspack/binding-win32-x64-msvc@1.0.14':
    optional: true

  '@rspack/binding@1.0.14':
    optionalDependencies:
      '@rspack/binding-darwin-arm64': 1.0.14
      '@rspack/binding-darwin-x64': 1.0.14
      '@rspack/binding-linux-arm64-gnu': 1.0.14
      '@rspack/binding-linux-arm64-musl': 1.0.14
      '@rspack/binding-linux-x64-gnu': 1.0.14
      '@rspack/binding-linux-x64-musl': 1.0.14
      '@rspack/binding-win32-arm64-msvc': 1.0.14
      '@rspack/binding-win32-ia32-msvc': 1.0.14
      '@rspack/binding-win32-x64-msvc': 1.0.14

  '@rspack/core@1.0.14(@swc/helpers@0.5.15)':
    dependencies:
      '@module-federation/runtime-tools': 0.5.1
      '@rspack/binding': 1.0.14
      '@rspack/lite-tapable': 1.0.1
      caniuse-lite: 1.0.30001701
    optionalDependencies:
      '@swc/helpers': 0.5.15

  '@rspack/lite-tapable@1.0.1': {}

  '@swc/helpers@0.5.15':
    dependencies:
      tslib: 2.8.1

  '@types/estree@1.0.6': {}

  '@wailsio/runtime@3.0.0-alpha.27':
    dependencies:
      nanoid: 5.1.2

  acorn-typescript@1.4.13(acorn@8.14.0):
    dependencies:
      acorn: 8.14.0

  acorn@8.14.0: {}

  aria-query@5.3.2: {}

  axobject-query@4.1.0: {}

  big.js@5.2.2: {}

  caniuse-lite@1.0.30001701: {}

  clsx@2.1.1: {}

  core-js@3.38.1: {}

  emojis-list@3.0.0: {}

  esm-env@1.2.2: {}

  esrap@1.4.5:
    dependencies:
      '@jridgewell/sourcemap-codec': 1.5.0

  fsevents@2.3.3:
    optional: true

  is-reference@3.0.3:
    dependencies:
      '@types/estree': 1.0.6

  json5@2.2.3: {}

  loader-utils@2.0.4:
    dependencies:
      big.js: 5.2.2
      emojis-list: 3.0.0
      json5: 2.2.3

  locate-character@3.0.0: {}

  magic-string@0.30.17:
    dependencies:
      '@jridgewell/sourcemap-codec': 1.5.0

  nanoid@5.1.2: {}

  oxlint@0.13.2:
    optionalDependencies:
      '@oxlint/darwin-arm64': 0.13.2
      '@oxlint/darwin-x64': 0.13.2
      '@oxlint/linux-arm64-gnu': 0.13.2
      '@oxlint/linux-arm64-musl': 0.13.2
      '@oxlint/linux-x64-gnu': 0.13.2
      '@oxlint/linux-x64-musl': 0.13.2
      '@oxlint/win32-arm64': 0.13.2
      '@oxlint/win32-x64': 0.13.2

  svelte-5-french-toast@2.0.1(svelte@5.20.5):
    dependencies:
      svelte: 5.20.5
      svelte-writable-derived: 3.1.1(svelte@5.20.5)

  svelte-dev-helper@1.1.9: {}

  svelte-dnd-action@0.9.57(svelte@5.20.5):
    dependencies:
      svelte: 5.20.5

  svelte-hmr@0.14.12(svelte@5.20.5):
    dependencies:
      svelte: 5.20.5

  svelte-loader@3.2.4(svelte@5.20.5):
    dependencies:
      loader-utils: 2.0.4
      svelte: 5.20.5
      svelte-dev-helper: 1.1.9
      svelte-hmr: 0.14.12(svelte@5.20.5)

  svelte-preprocess@6.0.3(svelte@5.20.5)(typescript@5.8.2):
    dependencies:
      svelte: 5.20.5
    optionalDependencies:
      typescript: 5.8.2

  svelte-writable-derived@3.1.1(svelte@5.20.5):
    dependencies:
      svelte: 5.20.5

  svelte@5.20.5:
    dependencies:
      '@ampproject/remapping': 2.3.0
      '@jridgewell/sourcemap-codec': 1.5.0
      '@types/estree': 1.0.6
      acorn: 8.14.0
      acorn-typescript: 1.4.13(acorn@8.14.0)
      aria-query: 5.3.2
      axobject-query: 4.1.0
      clsx: 2.1.1
      esm-env: 1.2.2
      esrap: 1.4.5
      is-reference: 3.0.3
      locate-character: 3.0.0
      magic-string: 0.30.17
      zimmerframe: 1.1.2

  tslib@2.8.1: {}

  typescript@5.8.2: {}

  zimmerframe@1.1.2: {}
